
Microsoft Visual Studio Solution File, Format Version 12.00
# Visual Studio 15
VisualStudioVersion = 15.0.28010.2026
MinimumVisualStudioVersion = 10.0.40219.1
Project("{FAE04EC0-301F-11D3-BF4B-00C04F79EFBC}") = "Drzewo", "Drzewo\Drzewo.csproj", "{8A6A3E58-85F2-4015-8D09-DE5FCFFE1297}"
EndProject
Global
	GlobalSection(SolutionConfigurationPlatforms) = preSolution
		Debug|Any CPU = Debug|Any CPU
		Release|Any CPU = Release|Any CPU
	EndGlobalSection
	GlobalSection(ProjectConfigurationPlatforms) = postSolution
		{8A6A3E58-85F2-4015-8D09-DE5FCFFE1297}.Debug|Any CPU.ActiveCfg = Debug|Any CPU
		{8A6A3E58-85F2-4015-8D09-DE5FCFFE1297}.Debug|Any CPU.Build.0 = Debug|Any CPU
		{8A6A3E58-85F2-4015-8D09-DE5FCFFE1297}.Release|Any CPU.ActiveCfg = Release|Any CPU
		{8A6A3E58-85F2-4015-8D09-DE5FCFFE1297}.Release|Any CPU.Build.0 = Release|Any CPU
	EndGlobalSection
	GlobalSection(SolutionProperties) = preSolution
		HideSolutionNode = FALSE
	EndGlobalSection
	GlobalSection(ExtensibilityGlobals) = postSolution
		SolutionGuid = {B79A3EBE-D128-4253-BF08-D5FD23BE5836}
	EndGlobalSection
EndGlobal
