
Microsoft Visual Studio Solution File, Format Version 12.00
# Visual Studio 15
VisualStudioVersion = 15.0.28010.2026
MinimumVisualStudioVersion = 10.0.40219.1
Project("{FAE04EC0-301F-11D3-BF4B-00C04F79EFBC}") = "LZW", "LZW\LZW.csproj", "{BB2B9A53-9CBD-4003-AA73-46EFD92A3937}"
EndProject
Global
	GlobalSection(SolutionConfigurationPlatforms) = preSolution
		Debug|Any CPU = Debug|Any CPU
		Release|Any CPU = Release|Any CPU
	EndGlobalSection
	GlobalSection(ProjectConfigurationPlatforms) = postSolution
		{BB2B9A53-9CBD-4003-AA73-46EFD92A3937}.Debug|Any CPU.ActiveCfg = Debug|Any CPU
		{BB2B9A53-9CBD-4003-AA73-46EFD92A3937}.Debug|Any CPU.Build.0 = Debug|Any CPU
		{BB2B9A53-9CBD-4003-AA73-46EFD92A3937}.Release|Any CPU.ActiveCfg = Release|Any CPU
		{BB2B9A53-9CBD-4003-AA73-46EFD92A3937}.Release|Any CPU.Build.0 = Release|Any CPU
	EndGlobalSection
	GlobalSection(SolutionProperties) = preSolution
		HideSolutionNode = FALSE
	EndGlobalSection
	GlobalSection(ExtensibilityGlobals) = postSolution
		SolutionGuid = {DD1CAF85-7355-4CA3-A46E-AA98F9A543AF}
	EndGlobalSection
EndGlobal
